<Solution>
  <Folder Name="/src/">
    <Project Path="src/Lego2STL.Cli/Lego2STL.Cli.csproj" />
    <Project Path="src/Lego2STL.Core/Lego2STL.Core.csproj" />
    <Project Path="src/Lego2STL.Gui/Lego2STL.Gui.csproj" />
  </Folder>
  <Folder Name="/tests/">
    <Project Path="tests/Lego2STL.Tests/Lego2STL.Tests.csproj" />
    <Project Path="tests/Lego2STL.UiTests/Lego2STL.UiTests.csproj" />
    <Project Path="tests/Lego2STL.OcrSmokeTest/Lego2STL.OcrSmokeTest.csproj" />
  </Folder>
</Solution>
